
Microsoft Visual Studio Solution File, Format Version 12.00
# Visual Studio 15
VisualStudioVersion = 15.0.28307.168
MinimumVisualStudioVersion = 10.0.40219.1
Project("{8BC9CEB8-8B4A-11D0-8D11-00A0C91BC942}") = "Jump-game", "Jump-game\Jump-game.vcxproj", "{9ECF4CDC-7C98-413C-A44C-99AD9B27923F}"
EndProject
Global
	GlobalSection(SolutionConfigurationPlatforms) = preSolution
		Debug|x64 = Debug|x64
		Debug|x86 = Debug|x86
		Release|x64 = Release|x64
		Release|x86 = Release|x86
	EndGlobalSection
	GlobalSection(ProjectConfigurationPlatforms) = postSolution
		{9ECF4CDC-7C98-413C-A44C-99AD9B27923F}.Debug|x64.ActiveCfg = Debug|x64
		{9ECF4CDC-7C98-413C-A44C-99AD9B27923F}.Debug|x64.Build.0 = Debug|x64
		{9ECF4CDC-7C98-413C-A44C-99AD9B27923F}.Debug|x86.ActiveCfg = Debug|Win32
		{9ECF4CDC-7C98-413C-A44C-99AD9B27923F}.Debug|x86.Build.0 = Debug|Win32
		{9ECF4CDC-7C98-413C-A44C-99AD9B27923F}.Release|x64.ActiveCfg = Release|x64
		{9ECF4CDC-7C98-413C-A44C-99AD9B27923F}.Release|x64.Build.0 = Release|x64
		{9ECF4CDC-7C98-413C-A44C-99AD9B27923F}.Release|x86.ActiveCfg = Release|Win32
		{9ECF4CDC-7C98-413C-A44C-99AD9B27923F}.Release|x86.Build.0 = Release|Win32
	EndGlobalSection
	GlobalSection(SolutionProperties) = preSolution
		HideSolutionNode = FALSE
	EndGlobalSection
	GlobalSection(ExtensibilityGlobals) = postSolution
		SolutionGuid = {052206E4-261D-48D3-B930-84C57E9D4FF3}
	EndGlobalSection
EndGlobal
