
Microsoft Visual Studio Solution File, Format Version 12.00
# Visual Studio 15
VisualStudioVersion = 15.0.28307.168
MinimumVisualStudioVersion = 10.0.40219.1
Project("{8BC9CEB8-8B4A-11D0-8D11-00A0C91BC942}") = "reverse-linked-list-ii", "reverse-linked-list-ii\reverse-linked-list-ii.vcxproj", "{60943670-5938-44F8-94A0-5D0BF247AF45}"
EndProject
Global
	GlobalSection(SolutionConfigurationPlatforms) = preSolution
		Debug|x64 = Debug|x64
		Debug|x86 = Debug|x86
		Release|x64 = Release|x64
		Release|x86 = Release|x86
	EndGlobalSection
	GlobalSection(ProjectConfigurationPlatforms) = postSolution
		{60943670-5938-44F8-94A0-5D0BF247AF45}.Debug|x64.ActiveCfg = Debug|x64
		{60943670-5938-44F8-94A0-5D0BF247AF45}.Debug|x64.Build.0 = Debug|x64
		{60943670-5938-44F8-94A0-5D0BF247AF45}.Debug|x86.ActiveCfg = Debug|Win32
		{60943670-5938-44F8-94A0-5D0BF247AF45}.Debug|x86.Build.0 = Debug|Win32
		{60943670-5938-44F8-94A0-5D0BF247AF45}.Release|x64.ActiveCfg = Release|x64
		{60943670-5938-44F8-94A0-5D0BF247AF45}.Release|x64.Build.0 = Release|x64
		{60943670-5938-44F8-94A0-5D0BF247AF45}.Release|x86.ActiveCfg = Release|Win32
		{60943670-5938-44F8-94A0-5D0BF247AF45}.Release|x86.Build.0 = Release|Win32
	EndGlobalSection
	GlobalSection(SolutionProperties) = preSolution
		HideSolutionNode = FALSE
	EndGlobalSection
	GlobalSection(ExtensibilityGlobals) = postSolution
		SolutionGuid = {06639EBA-3A2C-4005-982E-85AF8C51A38A}
	EndGlobalSection
EndGlobal
