
Microsoft Visual Studio Solution File, Format Version 12.00
# Visual Studio 15
VisualStudioVersion = 15.0.28307.168
MinimumVisualStudioVersion = 10.0.40219.1
Project("{8BC9CEB8-8B4A-11D0-8D11-00A0C91BC942}") = "Decode ways", "Decode ways\Decode ways.vcxproj", "{E698645B-0F3A-41EA-BF39-D1C2BF51B3F1}"
EndProject
Global
	GlobalSection(SolutionConfigurationPlatforms) = preSolution
		Debug|x64 = Debug|x64
		Debug|x86 = Debug|x86
		Release|x64 = Release|x64
		Release|x86 = Release|x86
	EndGlobalSection
	GlobalSection(ProjectConfigurationPlatforms) = postSolution
		{E698645B-0F3A-41EA-BF39-D1C2BF51B3F1}.Debug|x64.ActiveCfg = Debug|x64
		{E698645B-0F3A-41EA-BF39-D1C2BF51B3F1}.Debug|x64.Build.0 = Debug|x64
		{E698645B-0F3A-41EA-BF39-D1C2BF51B3F1}.Debug|x86.ActiveCfg = Debug|Win32
		{E698645B-0F3A-41EA-BF39-D1C2BF51B3F1}.Debug|x86.Build.0 = Debug|Win32
		{E698645B-0F3A-41EA-BF39-D1C2BF51B3F1}.Release|x64.ActiveCfg = Release|x64
		{E698645B-0F3A-41EA-BF39-D1C2BF51B3F1}.Release|x64.Build.0 = Release|x64
		{E698645B-0F3A-41EA-BF39-D1C2BF51B3F1}.Release|x86.ActiveCfg = Release|Win32
		{E698645B-0F3A-41EA-BF39-D1C2BF51B3F1}.Release|x86.Build.0 = Release|Win32
	EndGlobalSection
	GlobalSection(SolutionProperties) = preSolution
		HideSolutionNode = FALSE
	EndGlobalSection
	GlobalSection(ExtensibilityGlobals) = postSolution
		SolutionGuid = {98F9DED8-D985-4152-B9ED-16B157130CB8}
	EndGlobalSection
EndGlobal
