
Microsoft Visual Studio Solution File, Format Version 12.00
# Visual Studio 15
VisualStudioVersion = 15.0.28307.168
MinimumVisualStudioVersion = 10.0.40219.1
Project("{8BC9CEB8-8B4A-11D0-8D11-00A0C91BC942}") = "reverse-nodes-in-k-group", "reverse-nodes-in-k-group\reverse-nodes-in-k-group.vcxproj", "{D24F662D-7625-42B3-AA39-2A4E4563C9AE}"
EndProject
Global
	GlobalSection(SolutionConfigurationPlatforms) = preSolution
		Debug|x64 = Debug|x64
		Debug|x86 = Debug|x86
		Release|x64 = Release|x64
		Release|x86 = Release|x86
	EndGlobalSection
	GlobalSection(ProjectConfigurationPlatforms) = postSolution
		{D24F662D-7625-42B3-AA39-2A4E4563C9AE}.Debug|x64.ActiveCfg = Debug|x64
		{D24F662D-7625-42B3-AA39-2A4E4563C9AE}.Debug|x64.Build.0 = Debug|x64
		{D24F662D-7625-42B3-AA39-2A4E4563C9AE}.Debug|x86.ActiveCfg = Debug|Win32
		{D24F662D-7625-42B3-AA39-2A4E4563C9AE}.Debug|x86.Build.0 = Debug|Win32
		{D24F662D-7625-42B3-AA39-2A4E4563C9AE}.Release|x64.ActiveCfg = Release|x64
		{D24F662D-7625-42B3-AA39-2A4E4563C9AE}.Release|x64.Build.0 = Release|x64
		{D24F662D-7625-42B3-AA39-2A4E4563C9AE}.Release|x86.ActiveCfg = Release|Win32
		{D24F662D-7625-42B3-AA39-2A4E4563C9AE}.Release|x86.Build.0 = Release|Win32
	EndGlobalSection
	GlobalSection(SolutionProperties) = preSolution
		HideSolutionNode = FALSE
	EndGlobalSection
	GlobalSection(ExtensibilityGlobals) = postSolution
		SolutionGuid = {782CCFFF-31C9-4EDB-9556-50019066E167}
	EndGlobalSection
EndGlobal
