
Microsoft Visual Studio Solution File, Format Version 12.00
# Visual Studio 15
VisualStudioVersion = 15.0.28307.168
MinimumVisualStudioVersion = 10.0.40219.1
Project("{8BC9CEB8-8B4A-11D0-8D11-00A0C91BC942}") = "gas-station", "gas-station\gas-station.vcxproj", "{764FE3A7-C1A1-49D9-BAF3-213B58D1E29B}"
EndProject
Global
	GlobalSection(SolutionConfigurationPlatforms) = preSolution
		Debug|x64 = Debug|x64
		Debug|x86 = Debug|x86
		Release|x64 = Release|x64
		Release|x86 = Release|x86
	EndGlobalSection
	GlobalSection(ProjectConfigurationPlatforms) = postSolution
		{764FE3A7-C1A1-49D9-BAF3-213B58D1E29B}.Debug|x64.ActiveCfg = Debug|x64
		{764FE3A7-C1A1-49D9-BAF3-213B58D1E29B}.Debug|x64.Build.0 = Debug|x64
		{764FE3A7-C1A1-49D9-BAF3-213B58D1E29B}.Debug|x86.ActiveCfg = Debug|Win32
		{764FE3A7-C1A1-49D9-BAF3-213B58D1E29B}.Debug|x86.Build.0 = Debug|Win32
		{764FE3A7-C1A1-49D9-BAF3-213B58D1E29B}.Release|x64.ActiveCfg = Release|x64
		{764FE3A7-C1A1-49D9-BAF3-213B58D1E29B}.Release|x64.Build.0 = Release|x64
		{764FE3A7-C1A1-49D9-BAF3-213B58D1E29B}.Release|x86.ActiveCfg = Release|Win32
		{764FE3A7-C1A1-49D9-BAF3-213B58D1E29B}.Release|x86.Build.0 = Release|Win32
	EndGlobalSection
	GlobalSection(SolutionProperties) = preSolution
		HideSolutionNode = FALSE
	EndGlobalSection
	GlobalSection(ExtensibilityGlobals) = postSolution
		SolutionGuid = {9837518B-C057-47B1-AF8B-5C3F23D18E33}
	EndGlobalSection
EndGlobal
